// !$*UTF8*$!
{
	archiveVersion = 1;
	classes = {
	};
	objectVersion = 50;
	objects = {

/* Begin PBXBuildFile section */
		189F9E0E2133C8E600BABFD0 /* AppDelegate.swift in Sources */ = {isa = PBXBuildFile; fileRef = 189F9E0D2133C8E600BABFD0 /* AppDelegate.swift */; };
		189F9E142133C8E600BABFD0 /* GameScene.swift in Sources */ = {isa = PBXBuildFile; fileRef = 189F9E132133C8E600BABFD0 /* GameScene.swift */; };
		189F9E162133C8E600BABFD0 /* GameViewController.swift in Sources */ = {isa = PBXBuildFile; fileRef = 189F9E152133C8E600BABFD0 /* GameViewController.swift */; };
		189F9E1B2133C8E800BABFD0 /* Assets.xcassets in Resources */ = {isa = PBXBuildFile; fileRef = 189F9E1A2133C8E800BABFD0 /* Assets.xcassets */; };
		189F9E1E2133C8E800BABFD0 /* LaunchScreen.storyboard in Resources */ = {isa = PBXBuildFile; fileRef = 189F9E1C2133C8E800BABFD0 /* LaunchScreen.storyboard */; };
		189F9E402133CB0A00BABFD0 /* sprites.atlas in Resources */ = {isa = PBXBuildFile; fileRef = 189F9E272133CB0A00BABFD0 /* sprites.atlas */; };
		189F9E432133CB0A00BABFD0 /* CGFloat+Extensions.swift in Sources */ = {isa = PBXBuildFile; fileRef = 189F9E2C2133CB0A00BABFD0 /* CGFloat+Extensions.swift */; };
		189F9E442133CB0A00BABFD0 /* CGPoint+Extensions.swift in Sources */ = {isa = PBXBuildFile; fileRef = 189F9E2D2133CB0A00BABFD0 /* CGPoint+Extensions.swift */; };
		189F9E452133CB0A00BABFD0 /* CGVector+Extensions.swift in Sources */ = {isa = PBXBuildFile; fileRef = 189F9E2E2133CB0A00BABFD0 /* CGVector+Extensions.swift */; };
		189F9E462133CB0A00BABFD0 /* Int+Extensions.swift in Sources */ = {isa = PBXBuildFile; fileRef = 189F9E2F2133CB0A00BABFD0 /* Int+Extensions.swift */; };
		189F9E472133CB0A00BABFD0 /* SKAction+Extensions.swift in Sources */ = {isa = PBXBuildFile; fileRef = 189F9E302133CB0A00BABFD0 /* SKAction+Extensions.swift */; };
		189F9E482133CB0A00BABFD0 /* SKAction+SpecialEffects.swift in Sources */ = {isa = PBXBuildFile; fileRef = 189F9E312133CB0A00BABFD0 /* SKAction+SpecialEffects.swift */; };
		189F9E492133CB0A00BABFD0 /* SKColor+Extensions.swift in Sources */ = {isa = PBXBuildFile; fileRef = 189F9E322133CB0A00BABFD0 /* SKColor+Extensions.swift */; };
		189F9E4A2133CB0A00BABFD0 /* SKNode+Extensions.swift in Sources */ = {isa = PBXBuildFile; fileRef = 189F9E332133CB0A00BABFD0 /* SKNode+Extensions.swift */; };
		189F9E4B2133CB0A00BABFD0 /* SKTAudio.swift in Sources */ = {isa = PBXBuildFile; fileRef = 189F9E342133CB0A00BABFD0 /* SKTAudio.swift */; };
		189F9E4C2133CB0A00BABFD0 /* SKTEffects.swift in Sources */ = {isa = PBXBuildFile; fileRef = 189F9E352133CB0A00BABFD0 /* SKTEffects.swift */; };
		189F9E4D2133CB0A00BABFD0 /* SKTTimingFunctions.swift in Sources */ = {isa = PBXBuildFile; fileRef = 189F9E362133CB0A00BABFD0 /* SKTTimingFunctions.swift */; };
		189F9E4E2133CB0A00BABFD0 /* Vector3.swift in Sources */ = {isa = PBXBuildFile; fileRef = 189F9E372133CB0A00BABFD0 /* Vector3.swift */; };
		189F9E4F2133CB0A00BABFD0 /* coin.wav in Resources */ = {isa = PBXBuildFile; fileRef = 189F9E392133CB0A00BABFD0 /* coin.wav */; };
		189F9E502133CB0A00BABFD0 /* ding.wav in Resources */ = {isa = PBXBuildFile; fileRef = 189F9E3A2133CB0A00BABFD0 /* ding.wav */; };
		189F9E512133CB0A00BABFD0 /* falling.wav in Resources */ = {isa = PBXBuildFile; fileRef = 189F9E3B2133CB0A00BABFD0 /* falling.wav */; };
		189F9E522133CB0A00BABFD0 /* flapping.wav in Resources */ = {isa = PBXBuildFile; fileRef = 189F9E3C2133CB0A00BABFD0 /* flapping.wav */; };
		189F9E532133CB0A00BABFD0 /* hitGround.wav in Resources */ = {isa = PBXBuildFile; fileRef = 189F9E3D2133CB0A00BABFD0 /* hitGround.wav */; };
		189F9E542133CB0A00BABFD0 /* pop.wav in Resources */ = {isa = PBXBuildFile; fileRef = 189F9E3E2133CB0A00BABFD0 /* pop.wav */; };
		189F9E552133CB0A00BABFD0 /* whack.wav in Resources */ = {isa = PBXBuildFile; fileRef = 189F9E3F2133CB0A00BABFD0 /* whack.wav */; };
		189F9E592133D1A800BABFD0 /* PlayerEntity.swift in Sources */ = {isa = PBXBuildFile; fileRef = 189F9E582133D1A800BABFD0 /* PlayerEntity.swift */; };
		189F9E5B2133D20200BABFD0 /* SpriteComponent.swift in Sources */ = {isa = PBXBuildFile; fileRef = 189F9E5A2133D20200BABFD0 /* SpriteComponent.swift */; };
		189F9E5D2133D40000BABFD0 /* MovementComponent.swift in Sources */ = {isa = PBXBuildFile; fileRef = 189F9E5C2133D40000BABFD0 /* MovementComponent.swift */; };
		189F9E5F2133D89400BABFD0 /* ObstacleEntity.swift in Sources */ = {isa = PBXBuildFile; fileRef = 189F9E5E2133D89400BABFD0 /* ObstacleEntity.swift */; };
		189F9E622133E64100BABFD0 /* PlayingState.swift in Sources */ = {isa = PBXBuildFile; fileRef = 189F9E612133E64100BABFD0 /* PlayingState.swift */; };
		189F9E642133E65B00BABFD0 /* FallingState.swift in Sources */ = {isa = PBXBuildFile; fileRef = 189F9E632133E65B00BABFD0 /* FallingState.swift */; };
		189F9E662133E66800BABFD0 /* GameOverState.swift in Sources */ = {isa = PBXBuildFile; fileRef = 189F9E652133E66800BABFD0 /* GameOverState.swift */; };
		189F9E682133F28800BABFD0 /* MainMenuState.swift in Sources */ = {isa = PBXBuildFile; fileRef = 189F9E672133F28800BABFD0 /* MainMenuState.swift */; };
		189F9E6A2133F29600BABFD0 /* TutorialState.swift in Sources */ = {isa = PBXBuildFile; fileRef = 189F9E692133F29600BABFD0 /* TutorialState.swift */; };
		189F9E722133F97200BABFD0 /* Main.storyboard in Resources */ = {isa = PBXBuildFile; fileRef = 189F9E712133F97200BABFD0 /* Main.storyboard */; };
		189F9E74213410CF00BABFD0 /* AnimationComponent.swift in Sources */ = {isa = PBXBuildFile; fileRef = 189F9E73213410CF00BABFD0 /* AnimationComponent.swift */; };
/* End PBXBuildFile section */

/* Begin PBXFileReference section */
		189F9E0A2133C8E600BABFD0 /* Flappy Bird.app */ = {isa = PBXFileReference; explicitFileType = wrapper.application; includeInIndex = 0; path = "Flappy Bird.app"; sourceTree = BUILT_PRODUCTS_DIR; };
		189F9E0D2133C8E600BABFD0 /* AppDelegate.swift */ = {isa = PBXFileReference; lastKnownFileType = sourcecode.swift; path = AppDelegate.swift; sourceTree = "<group>"; };
		189F9E132133C8E600BABFD0 /* GameScene.swift */ = {isa = PBXFileReference; lastKnownFileType = sourcecode.swift; path = GameScene.swift; sourceTree = "<group>"; };
		189F9E152133C8E600BABFD0 /* GameViewController.swift */ = {isa = PBXFileReference; lastKnownFileType = sourcecode.swift; path = GameViewController.swift; sourceTree = "<group>"; };
		189F9E1A2133C8E800BABFD0 /* Assets.xcassets */ = {isa = PBXFileReference; lastKnownFileType = folder.assetcatalog; path = Assets.xcassets; sourceTree = "<group>"; };
		189F9E1D2133C8E800BABFD0 /* Base */ = {isa = PBXFileReference; lastKnownFileType = file.storyboard; name = Base; path = Base.lproj/LaunchScreen.storyboard; sourceTree = "<group>"; };
		189F9E1F2133C8E800BABFD0 /* Info.plist */ = {isa = PBXFileReference; lastKnownFileType = text.plist.xml; path = Info.plist; sourceTree = "<group>"; };
		189F9E272133CB0A00BABFD0 /* sprites.atlas */ = {isa = PBXFileReference; lastKnownFileType = folder.skatlas; path = sprites.atlas; sourceTree = "<group>"; };
		189F9E2C2133CB0A00BABFD0 /* CGFloat+Extensions.swift */ = {isa = PBXFileReference; fileEncoding = 4; lastKnownFileType = sourcecode.swift; path = "CGFloat+Extensions.swift"; sourceTree = "<group>"; };
		189F9E2D2133CB0A00BABFD0 /* CGPoint+Extensions.swift */ = {isa = PBXFileReference; fileEncoding = 4; lastKnownFileType = sourcecode.swift; path = "CGPoint+Extensions.swift"; sourceTree = "<group>"; };
		189F9E2E2133CB0A00BABFD0 /* CGVector+Extensions.swift */ = {isa = PBXFileReference; fileEncoding = 4; lastKnownFileType = sourcecode.swift; path = "CGVector+Extensions.swift"; sourceTree = "<group>"; };
		189F9E2F2133CB0A00BABFD0 /* Int+Extensions.swift */ = {isa = PBXFileReference; fileEncoding = 4; lastKnownFileType = sourcecode.swift; path = "Int+Extensions.swift"; sourceTree = "<group>"; };
		189F9E302133CB0A00BABFD0 /* SKAction+Extensions.swift */ = {isa = PBXFileReference; fileEncoding = 4; lastKnownFileType = sourcecode.swift; path = "SKAction+Extensions.swift"; sourceTree = "<group>"; };
		189F9E312133CB0A00BABFD0 /* SKAction+SpecialEffects.swift */ = {isa = PBXFileReference; fileEncoding = 4; lastKnownFileType = sourcecode.swift; path = "SKAction+SpecialEffects.swift"; sourceTree = "<group>"; };
		189F9E322133CB0A00BABFD0 /* SKColor+Extensions.swift */ = {isa = PBXFileReference; fileEncoding = 4; lastKnownFileType = sourcecode.swift; path = "SKColor+Extensions.swift"; sourceTree = "<group>"; };
		189F9E332133CB0A00BABFD0 /* SKNode+Extensions.swift */ = {isa = PBXFileReference; fileEncoding = 4; lastKnownFileType = sourcecode.swift; path = "SKNode+Extensions.swift"; sourceTree = "<group>"; };
		189F9E342133CB0A00BABFD0 /* SKTAudio.swift */ = {isa = PBXFileReference; fileEncoding = 4; lastKnownFileType = sourcecode.swift; path = SKTAudio.swift; sourceTree = "<group>"; };
		189F9E352133CB0A00BABFD0 /* SKTEffects.swift */ = {isa = PBXFileReference; fileEncoding = 4; lastKnownFileType = sourcecode.swift; path = SKTEffects.swift; sourceTree = "<group>"; };
		189F9E362133CB0A00BABFD0 /* SKTTimingFunctions.swift */ = {isa = PBXFileReference; fileEncoding = 4; lastKnownFileType = sourcecode.swift; path = SKTTimingFunctions.swift; sourceTree = "<group>"; };
		189F9E372133CB0A00BABFD0 /* Vector3.swift */ = {isa = PBXFileReference; fileEncoding = 4; lastKnownFileType = sourcecode.swift; path = Vector3.swift; sourceTree = "<group>"; };
		189F9E392133CB0A00BABFD0 /* coin.wav */ = {isa = PBXFileReference; lastKnownFileType = audio.wav; path = coin.wav; sourceTree = "<group>"; };
		189F9E3A2133CB0A00BABFD0 /* ding.wav */ = {isa = PBXFileReference; lastKnownFileType = audio.wav; path = ding.wav; sourceTree = "<group>"; };
		189F9E3B2133CB0A00BABFD0 /* falling.wav */ = {isa = PBXFileReference; lastKnownFileType = audio.wav; path = falling.wav; sourceTree = "<group>"; };
		189F9E3C2133CB0A00BABFD0 /* flapping.wav */ = {isa = PBXFileReference; lastKnownFileType = audio.wav; path = flapping.wav; sourceTree = "<group>"; };
		189F9E3D2133CB0A00BABFD0 /* hitGround.wav */ = {isa = PBXFileReference; lastKnownFileType = audio.wav; path = hitGround.wav; sourceTree = "<group>"; };
		189F9E3E2133CB0A00BABFD0 /* pop.wav */ = {isa = PBXFileReference; lastKnownFileType = audio.wav; path = pop.wav; sourceTree = "<group>"; };
		189F9E3F2133CB0A00BABFD0 /* whack.wav */ = {isa = PBXFileReference; lastKnownFileType = audio.wav; path = whack.wav; sourceTree = "<group>"; };
		189F9E582133D1A800BABFD0 /* PlayerEntity.swift */ = {isa = PBXFileReference; lastKnownFileType = sourcecode.swift; path = PlayerEntity.swift; sourceTree = "<group>"; };
		189F9E5A2133D20200BABFD0 /* SpriteComponent.swift */ = {isa = PBXFileReference; lastKnownFileType = sourcecode.swift; path = SpriteComponent.swift; sourceTree = "<group>"; };
		189F9E5C2133D40000BABFD0 /* MovementComponent.swift */ = {isa = PBXFileReference; lastKnownFileType = sourcecode.swift; path = MovementComponent.swift; sourceTree = "<group>"; };
		189F9E5E2133D89400BABFD0 /* ObstacleEntity.swift */ = {isa = PBXFileReference; lastKnownFileType = sourcecode.swift; path = ObstacleEntity.swift; sourceTree = "<group>"; };
		189F9E612133E64100BABFD0 /* PlayingState.swift */ = {isa = PBXFileReference; lastKnownFileType = sourcecode.swift; path = PlayingState.swift; sourceTree = "<group>"; };
		189F9E632133E65B00BABFD0 /* FallingState.swift */ = {isa = PBXFileReference; lastKnownFileType = sourcecode.swift; path = FallingState.swift; sourceTree = "<group>"; };
		189F9E652133E66800BABFD0 /* GameOverState.swift */ = {isa = PBXFileReference; lastKnownFileType = sourcecode.swift; path = GameOverState.swift; sourceTree = "<group>"; };
		189F9E672133F28800BABFD0 /* MainMenuState.swift */ = {isa = PBXFileReference; lastKnownFileType = sourcecode.swift; path = MainMenuState.swift; sourceTree = "<group>"; };
		189F9E692133F29600BABFD0 /* TutorialState.swift */ = {isa = PBXFileReference; lastKnownFileType = sourcecode.swift; path = TutorialState.swift; sourceTree = "<group>"; };
		189F9E712133F97200BABFD0 /* Main.storyboard */ = {isa = PBXFileReference; fileEncoding = 4; lastKnownFileType = file.storyboard; path = Main.storyboard; sourceTree = "<group>"; };
		189F9E73213410CF00BABFD0 /* AnimationComponent.swift */ = {isa = PBXFileReference; lastKnownFileType = sourcecode.swift; path = AnimationComponent.swift; sourceTree = "<group>"; };
/* End PBXFileReference section */

/* Begin PBXFrameworksBuildPhase section */
		189F9E072133C8E600BABFD0 /* Frameworks */ = {
			isa = PBXFrameworksBuildPhase;
			buildActionMask = 2147483647;
			files = (
			);
			runOnlyForDeploymentPostprocessing = 0;
		};
/* End PBXFrameworksBuildPhase section */

/* Begin PBXGroup section */
		189F9E012133C8E600BABFD0 = {
			isa = PBXGroup;
			children = (
				189F9E0C2133C8E600BABFD0 /* Flappy Bird */,
				189F9E0B2133C8E600BABFD0 /* Products */,
			);
			sourceTree = "<group>";
		};
		189F9E0B2133C8E600BABFD0 /* Products */ = {
			isa = PBXGroup;
			children = (
				189F9E0A2133C8E600BABFD0 /* Flappy Bird.app */,
			);
			name = Products;
			sourceTree = "<group>";
		};
		189F9E0C2133C8E600BABFD0 /* Flappy Bird */ = {
			isa = PBXGroup;
			children = (
				189F9E702133F5D300BABFD0 /* Controller */,
				189F9E6F2133F5B500BABFD0 /* GameScene */,
				189F9E602133E63200BABFD0 /* GameState */,
				189F9E572133D18D00BABFD0 /* Components */,
				189F9E562133D18400BABFD0 /* Entities */,
				189F9E252133CB0A00BABFD0 /* Resources */,
				189F9E0D2133C8E600BABFD0 /* AppDelegate.swift */,
				189F9E1A2133C8E800BABFD0 /* Assets.xcassets */,
				189F9E1C2133C8E800BABFD0 /* LaunchScreen.storyboard */,
				189F9E1F2133C8E800BABFD0 /* Info.plist */,
			);
			path = "Flappy Bird";
			sourceTree = "<group>";
		};
		189F9E252133CB0A00BABFD0 /* Resources */ = {
			isa = PBXGroup;
			children = (
				189F9E262133CB0A00BABFD0 /* Artwork */,
				189F9E2B2133CB0A00BABFD0 /* SKTUtils */,
				189F9E382133CB0A00BABFD0 /* Sounds */,
			);
			path = Resources;
			sourceTree = "<group>";
		};
		189F9E262133CB0A00BABFD0 /* Artwork */ = {
			isa = PBXGroup;
			children = (
				189F9E272133CB0A00BABFD0 /* sprites.atlas */,
			);
			path = Artwork;
			sourceTree = "<group>";
		};
		189F9E2B2133CB0A00BABFD0 /* SKTUtils */ = {
			isa = PBXGroup;
			children = (
				189F9E2C2133CB0A00BABFD0 /* CGFloat+Extensions.swift */,
				189F9E2D2133CB0A00BABFD0 /* CGPoint+Extensions.swift */,
				189F9E2E2133CB0A00BABFD0 /* CGVector+Extensions.swift */,
				189F9E2F2133CB0A00BABFD0 /* Int+Extensions.swift */,
				189F9E302133CB0A00BABFD0 /* SKAction+Extensions.swift */,
				189F9E312133CB0A00BABFD0 /* SKAction+SpecialEffects.swift */,
				189F9E322133CB0A00BABFD0 /* SKColor+Extensions.swift */,
				189F9E332133CB0A00BABFD0 /* SKNode+Extensions.swift */,
				189F9E342133CB0A00BABFD0 /* SKTAudio.swift */,
				189F9E352133CB0A00BABFD0 /* SKTEffects.swift */,
				189F9E362133CB0A00BABFD0 /* SKTTimingFunctions.swift */,
				189F9E372133CB0A00BABFD0 /* Vector3.swift */,
			);
			path = SKTUtils;
			sourceTree = "<group>";
		};
		189F9E382133CB0A00BABFD0 /* Sounds */ = {
			isa = PBXGroup;
			children = (
				189F9E392133CB0A00BABFD0 /* coin.wav */,
				189F9E3A2133CB0A00BABFD0 /* ding.wav */,
				189F9E3B2133CB0A00BABFD0 /* falling.wav */,
				189F9E3C2133CB0A00BABFD0 /* flapping.wav */,
				189F9E3D2133CB0A00BABFD0 /* hitGround.wav */,
				189F9E3E2133CB0A00BABFD0 /* pop.wav */,
				189F9E3F2133CB0A00BABFD0 /* whack.wav */,
			);
			path = Sounds;
			sourceTree = "<group>";
		};
		189F9E562133D18400BABFD0 /* Entities */ = {
			isa = PBXGroup;
			children = (
				189F9E582133D1A800BABFD0 /* PlayerEntity.swift */,
				189F9E5E2133D89400BABFD0 /* ObstacleEntity.swift */,
			);
			path = Entities;
			sourceTree = "<group>";
		};
		189F9E572133D18D00BABFD0 /* Components */ = {
			isa = PBXGroup;
			children = (
				189F9E5A2133D20200BABFD0 /* SpriteComponent.swift */,
				189F9E5C2133D40000BABFD0 /* MovementComponent.swift */,
				189F9E73213410CF00BABFD0 /* AnimationComponent.swift */,
			);
			path = Components;
			sourceTree = "<group>";
		};
		189F9E602133E63200BABFD0 /* GameState */ = {
			isa = PBXGroup;
			children = (
				189F9E612133E64100BABFD0 /* PlayingState.swift */,
				189F9E632133E65B00BABFD0 /* FallingState.swift */,
				189F9E652133E66800BABFD0 /* GameOverState.swift */,
				189F9E672133F28800BABFD0 /* MainMenuState.swift */,
				189F9E692133F29600BABFD0 /* TutorialState.swift */,
			);
			path = GameState;
			sourceTree = "<group>";
		};
		189F9E6F2133F5B500BABFD0 /* GameScene */ = {
			isa = PBXGroup;
			children = (
				189F9E132133C8E600BABFD0 /* GameScene.swift */,
			);
			path = GameScene;
			sourceTree = "<group>";
		};
		189F9E702133F5D300BABFD0 /* Controller */ = {
			isa = PBXGroup;
			children = (
				189F9E712133F97200BABFD0 /* Main.storyboard */,
				189F9E152133C8E600BABFD0 /* GameViewController.swift */,
			);
			path = Controller;
			sourceTree = "<group>";
		};
/* End PBXGroup section */

/* Begin PBXNativeTarget section */
		189F9E092133C8E600BABFD0 /* Flappy Bird */ = {
			isa = PBXNativeTarget;
			buildConfigurationList = 189F9E222133C8E800BABFD0 /* Build configuration list for PBXNativeTarget "Flappy Bird" */;
			buildPhases = (
				189F9E062133C8E600BABFD0 /* Sources */,
				189F9E072133C8E600BABFD0 /* Frameworks */,
				189F9E082133C8E600BABFD0 /* Resources */,
			);
			buildRules = (
			);
			dependencies = (
			);
			name = "Flappy Bird";
			productName = "Flappy Bird";
			productReference = 189F9E0A2133C8E600BABFD0 /* Flappy Bird.app */;
			productType = "com.apple.product-type.application";
		};
/* End PBXNativeTarget section */

/* Begin PBXProject section */
		189F9E022133C8E600BABFD0 /* Project object */ = {
			isa = PBXProject;
			attributes = {
				LastSwiftUpdateCheck = 0940;
				LastUpgradeCheck = 0940;
				ORGANIZATIONNAME = "Smartivity Labs";
				TargetAttributes = {
					189F9E092133C8E600BABFD0 = {
						CreatedOnToolsVersion = 9.4;
					};
				};
			};
			buildConfigurationList = 189F9E052133C8E600BABFD0 /* Build configuration list for PBXProject "Flappy Bird" */;
			compatibilityVersion = "Xcode 9.3";
			developmentRegion = en;
			hasScannedForEncodings = 0;
			knownRegions = (
				en,
				Base,
			);
			mainGroup = 189F9E012133C8E600BABFD0;
			productRefGroup = 189F9E0B2133C8E600BABFD0 /* Products */;
			projectDirPath = "";
			projectRoot = "";
			targets = (
				189F9E092133C8E600BABFD0 /* Flappy Bird */,
			);
		};
/* End PBXProject section */

/* Begin PBXResourcesBuildPhase section */
		189F9E082133C8E600BABFD0 /* Resources */ = {
			isa = PBXResourcesBuildPhase;
			buildActionMask = 2147483647;
			files = (
				189F9E552133CB0A00BABFD0 /* whack.wav in Resources */,
				189F9E4F2133CB0A00BABFD0 /* coin.wav in Resources */,
				189F9E722133F97200BABFD0 /* Main.storyboard in Resources */,
				189F9E1B2133C8E800BABFD0 /* Assets.xcassets in Resources */,
				189F9E532133CB0A00BABFD0 /* hitGround.wav in Resources */,
				189F9E542133CB0A00BABFD0 /* pop.wav in Resources */,
				189F9E402133CB0A00BABFD0 /* sprites.atlas in Resources */,
				189F9E502133CB0A00BABFD0 /* ding.wav in Resources */,
				189F9E522133CB0A00BABFD0 /* flapping.wav in Resources */,
				189F9E1E2133C8E800BABFD0 /* LaunchScreen.storyboard in Resources */,
				189F9E512133CB0A00BABFD0 /* falling.wav in Resources */,
			);
			runOnlyForDeploymentPostprocessing = 0;
		};
/* End PBXResourcesBuildPhase section */

/* Begin PBXSourcesBuildPhase section */
		189F9E062133C8E600BABFD0 /* Sources */ = {
			isa = PBXSourcesBuildPhase;
			buildActionMask = 2147483647;
			files = (
				189F9E142133C8E600BABFD0 /* GameScene.swift in Sources */,
				189F9E442133CB0A00BABFD0 /* CGPoint+Extensions.swift in Sources */,
				189F9E4D2133CB0A00BABFD0 /* SKTTimingFunctions.swift in Sources */,
				189F9E4C2133CB0A00BABFD0 /* SKTEffects.swift in Sources */,
				189F9E682133F28800BABFD0 /* MainMenuState.swift in Sources */,
				189F9E482133CB0A00BABFD0 /* SKAction+SpecialEffects.swift in Sources */,
				189F9E74213410CF00BABFD0 /* AnimationComponent.swift in Sources */,
				189F9E452133CB0A00BABFD0 /* CGVector+Extensions.swift in Sources */,
				189F9E472133CB0A00BABFD0 /* SKAction+Extensions.swift in Sources */,
				189F9E592133D1A800BABFD0 /* PlayerEntity.swift in Sources */,
				189F9E492133CB0A00BABFD0 /* SKColor+Extensions.swift in Sources */,
				189F9E5F2133D89400BABFD0 /* ObstacleEntity.swift in Sources */,
				189F9E642133E65B00BABFD0 /* FallingState.swift in Sources */,
				189F9E5B2133D20200BABFD0 /* SpriteComponent.swift in Sources */,
				189F9E162133C8E600BABFD0 /* GameViewController.swift in Sources */,
				189F9E462133CB0A00BABFD0 /* Int+Extensions.swift in Sources */,
				189F9E4A2133CB0A00BABFD0 /* SKNode+Extensions.swift in Sources */,
				189F9E4B2133CB0A00BABFD0 /* SKTAudio.swift in Sources */,
				189F9E432133CB0A00BABFD0 /* CGFloat+Extensions.swift in Sources */,
				189F9E662133E66800BABFD0 /* GameOverState.swift in Sources */,
				189F9E6A2133F29600BABFD0 /* TutorialState.swift in Sources */,
				189F9E4E2133CB0A00BABFD0 /* Vector3.swift in Sources */,
				189F9E5D2133D40000BABFD0 /* MovementComponent.swift in Sources */,
				189F9E622133E64100BABFD0 /* PlayingState.swift in Sources */,
				189F9E0E2133C8E600BABFD0 /* AppDelegate.swift in Sources */,
			);
			runOnlyForDeploymentPostprocessing = 0;
		};
/* End PBXSourcesBuildPhase section */

/* Begin PBXVariantGroup section */
		189F9E1C2133C8E800BABFD0 /* LaunchScreen.storyboard */ = {
			isa = PBXVariantGroup;
			children = (
				189F9E1D2133C8E800BABFD0 /* Base */,
			);
			name = LaunchScreen.storyboard;
			sourceTree = "<group>";
		};
/* End PBXVariantGroup section */

/* Begin XCBuildConfiguration section */
		189F9E202133C8E800BABFD0 /* Debug */ = {
			isa = XCBuildConfiguration;
			buildSettings = {
				ALWAYS_SEARCH_USER_PATHS = NO;
				CLANG_ANALYZER_NONNULL = YES;
				CLANG_ANALYZER_NUMBER_OBJECT_CONVERSION = YES_AGGRESSIVE;
				CLANG_CXX_LANGUAGE_STANDARD = "gnu++14";
				CLANG_CXX_LIBRARY = "libc++";
				CLANG_ENABLE_MODULES = YES;
				CLANG_ENABLE_OBJC_ARC = YES;
				CLANG_ENABLE_OBJC_WEAK = YES;
				CLANG_WARN_BLOCK_CAPTURE_AUTORELEASING = YES;
				CLANG_WARN_BOOL_CONVERSION = YES;
				CLANG_WARN_COMMA = YES;
				CLANG_WARN_CONSTANT_CONVERSION = YES;
				CLANG_WARN_DEPRECATED_OBJC_IMPLEMENTATIONS = YES;
				CLANG_WARN_DIRECT_OBJC_ISA_USAGE = YES_ERROR;
				CLANG_WARN_DOCUMENTATION_COMMENTS = YES;
				CLANG_WARN_EMPTY_BODY = YES;
				CLANG_WARN_ENUM_CONVERSION = YES;
				CLANG_WARN_INFINITE_RECURSION = YES;
				CLANG_WARN_INT_CONVERSION = YES;
				CLANG_WARN_NON_LITERAL_NULL_CONVERSION = YES;
				CLANG_WARN_OBJC_IMPLICIT_RETAIN_SELF = YES;
				CLANG_WARN_OBJC_LITERAL_CONVERSION = YES;
				CLANG_WARN_OBJC_ROOT_CLASS = YES_ERROR;
				CLANG_WARN_RANGE_LOOP_ANALYSIS = YES;
				CLANG_WARN_STRICT_PROTOTYPES = YES;
				CLANG_WARN_SUSPICIOUS_MOVE = YES;
				CLANG_WARN_UNGUARDED_AVAILABILITY = YES_AGGRESSIVE;
				CLANG_WARN_UNREACHABLE_CODE = YES;
				CLANG_WARN__DUPLICATE_METHOD_MATCH = YES;
				CODE_SIGN_IDENTITY = "iPhone Developer";
				COPY_PHASE_STRIP = NO;
				DEBUG_INFORMATION_FORMAT = dwarf;
				ENABLE_STRICT_OBJC_MSGSEND = YES;
				ENABLE_TESTABILITY = YES;
				GCC_C_LANGUAGE_STANDARD = gnu11;
				GCC_DYNAMIC_NO_PIC = NO;
				GCC_NO_COMMON_BLOCKS = YES;
				GCC_OPTIMIZATION_LEVEL = 0;
				GCC_PREPROCESSOR_DEFINITIONS = (
					"DEBUG=1",
					"$(inherited)",
				);
				GCC_WARN_64_TO_32_BIT_CONVERSION = YES;
				GCC_WARN_ABOUT_RETURN_TYPE = YES_ERROR;
				GCC_WARN_UNDECLARED_SELECTOR = YES;
				GCC_WARN_UNINITIALIZED_AUTOS = YES_AGGRESSIVE;
				GCC_WARN_UNUSED_FUNCTION = YES;
				GCC_WARN_UNUSED_VARIABLE = YES;
				IPHONEOS_DEPLOYMENT_TARGET = 11.4;
				MTL_ENABLE_DEBUG_INFO = YES;
				ONLY_ACTIVE_ARCH = YES;
				SDKROOT = iphoneos;
				SWIFT_ACTIVE_COMPILATION_CONDITIONS = DEBUG;
				SWIFT_OPTIMIZATION_LEVEL = "-Onone";
			};
			name = Debug;
		};
		189F9E212133C8E800BABFD0 /* Release */ = {
			isa = XCBuildConfiguration;
			buildSettings = {
				ALWAYS_SEARCH_USER_PATHS = NO;
				CLANG_ANALYZER_NONNULL = YES;
				CLANG_ANALYZER_NUMBER_OBJECT_CONVERSION = YES_AGGRESSIVE;
				CLANG_CXX_LANGUAGE_STANDARD = "gnu++14";
				CLANG_CXX_LIBRARY = "libc++";
				CLANG_ENABLE_MODULES = YES;
				CLANG_ENABLE_OBJC_ARC = YES;
				CLANG_ENABLE_OBJC_WEAK = YES;
				CLANG_WARN_BLOCK_CAPTURE_AUTORELEASING = YES;
				CLANG_WARN_BOOL_CONVERSION = YES;
				CLANG_WARN_COMMA = YES;
				CLANG_WARN_CONSTANT_CONVERSION = YES;
				CLANG_WARN_DEPRECATED_OBJC_IMPLEMENTATIONS = YES;
				CLANG_WARN_DIRECT_OBJC_ISA_USAGE = YES_ERROR;
				CLANG_WARN_DOCUMENTATION_COMMENTS = YES;
				CLANG_WARN_EMPTY_BODY = YES;
				CLANG_WARN_ENUM_CONVERSION = YES;
				CLANG_WARN_INFINITE_RECURSION = YES;
				CLANG_WARN_INT_CONVERSION = YES;
				CLANG_WARN_NON_LITERAL_NULL_CONVERSION = YES;
				CLANG_WARN_OBJC_IMPLICIT_RETAIN_SELF = YES;
				CLANG_WARN_OBJC_LITERAL_CONVERSION = YES;
				CLANG_WARN_OBJC_ROOT_CLASS = YES_ERROR;
				CLANG_WARN_RANGE_LOOP_ANALYSIS = YES;
				CLANG_WARN_STRICT_PROTOTYPES = YES;
				CLANG_WARN_SUSPICIOUS_MOVE = YES;
				CLANG_WARN_UNGUARDED_AVAILABILITY = YES_AGGRESSIVE;
				CLANG_WARN_UNREACHABLE_CODE = YES;
				CLANG_WARN__DUPLICATE_METHOD_MATCH = YES;
				CODE_SIGN_IDENTITY = "iPhone Developer";
				COPY_PHASE_STRIP = NO;
				DEBUG_INFORMATION_FORMAT = "dwarf-with-dsym";
				ENABLE_NS_ASSERTIONS = NO;
				ENABLE_STRICT_OBJC_MSGSEND = YES;
				GCC_C_LANGUAGE_STANDARD = gnu11;
				GCC_NO_COMMON_BLOCKS = YES;
				GCC_WARN_64_TO_32_BIT_CONVERSION = YES;
				GCC_WARN_ABOUT_RETURN_TYPE = YES_ERROR;
				GCC_WARN_UNDECLARED_SELECTOR = YES;
				GCC_WARN_UNINITIALIZED_AUTOS = YES_AGGRESSIVE;
				GCC_WARN_UNUSED_FUNCTION = YES;
				GCC_WARN_UNUSED_VARIABLE = YES;
				IPHONEOS_DEPLOYMENT_TARGET = 11.4;
				MTL_ENABLE_DEBUG_INFO = NO;
				SDKROOT = iphoneos;
				SWIFT_COMPILATION_MODE = wholemodule;
				SWIFT_OPTIMIZATION_LEVEL = "-O";
				VALIDATE_PRODUCT = YES;
			};
			name = Release;
		};
		189F9E232133C8E800BABFD0 /* Debug */ = {
			isa = XCBuildConfiguration;
			buildSettings = {
				ASSETCATALOG_COMPILER_APPICON_NAME = AppIcon;
				CODE_SIGN_STYLE = Automatic;
				DEVELOPMENT_TEAM = F6998RP55G;
				INFOPLIST_FILE = "Flappy Bird/Info.plist";
				LD_RUNPATH_SEARCH_PATHS = (
					"$(inherited)",
					"@executable_path/Frameworks",
				);
				PRODUCT_BUNDLE_IDENTIFIER = "com.Smartivity-Labs.Flappy-Bird";
				PRODUCT_NAME = "$(TARGET_NAME)";
				SWIFT_VERSION = 4.0;
				TARGETED_DEVICE_FAMILY = "1,2";
			};
			name = Debug;
		};
		189F9E242133C8E800BABFD0 /* Release */ = {
			isa = XCBuildConfiguration;
			buildSettings = {
				ASSETCATALOG_COMPILER_APPICON_NAME = AppIcon;
				CODE_SIGN_STYLE = Automatic;
				DEVELOPMENT_TEAM = F6998RP55G;
				INFOPLIST_FILE = "Flappy Bird/Info.plist";
				LD_RUNPATH_SEARCH_PATHS = (
					"$(inherited)",
					"@executable_path/Frameworks",
				);
				PRODUCT_BUNDLE_IDENTIFIER = "com.Smartivity-Labs.Flappy-Bird";
				PRODUCT_NAME = "$(TARGET_NAME)";
				SWIFT_VERSION = 4.0;
				TARGETED_DEVICE_FAMILY = "1,2";
			};
			name = Release;
		};
/* End XCBuildConfiguration section */

/* Begin XCConfigurationList section */
		189F9E052133C8E600BABFD0 /* Build configuration list for PBXProject "Flappy Bird" */ = {
			isa = XCConfigurationList;
			buildConfigurations = (
				189F9E202133C8E800BABFD0 /* Debug */,
				189F9E212133C8E800BABFD0 /* Release */,
			);
			defaultConfigurationIsVisible = 0;
			defaultConfigurationName = Release;
		};
		189F9E222133C8E800BABFD0 /* Build configuration list for PBXNativeTarget "Flappy Bird" */ = {
			isa = XCConfigurationList;
			buildConfigurations = (
				189F9E232133C8E800BABFD0 /* Debug */,
				189F9E242133C8E800BABFD0 /* Release */,
			);
			defaultConfigurationIsVisible = 0;
			defaultConfigurationName = Release;
		};
/* End XCConfigurationList section */
	};
	rootObject = 189F9E022133C8E600BABFD0 /* Project object */;
}
